
Microsoft Visual Studio Solution File, Format Version 12.00
# Visual Studio 15
VisualStudioVersion = 15.0.27703.2000
MinimumVisualStudioVersion = 10.0.40219.1
Project("{FAE04EC0-301F-11D3-BF4B-00C04F79EFBC}") = "DropBoxClient", "DropBoxClient\DropBoxClient.csproj", "{9124EF9B-E9D6-4E6C-8AE3-9FD3AE33D55D}"
EndProject
Global
	GlobalSection(SolutionConfigurationPlatforms) = preSolution
		Debug|Any CPU = Debug|Any CPU
		Release|Any CPU = Release|Any CPU
	EndGlobalSection
	GlobalSection(ProjectConfigurationPlatforms) = postSolution
		{9124EF9B-E9D6-4E6C-8AE3-9FD3AE33D55D}.Debug|Any CPU.ActiveCfg = Debug|Any CPU
		{9124EF9B-E9D6-4E6C-8AE3-9FD3AE33D55D}.Debug|Any CPU.Build.0 = Debug|Any CPU
		{9124EF9B-E9D6-4E6C-8AE3-9FD3AE33D55D}.Release|Any CPU.ActiveCfg = Release|Any CPU
		{9124EF9B-E9D6-4E6C-8AE3-9FD3AE33D55D}.Release|Any CPU.Build.0 = Release|Any CPU
	EndGlobalSection
	GlobalSection(SolutionProperties) = preSolution
		HideSolutionNode = FALSE
	EndGlobalSection
	GlobalSection(ExtensibilityGlobals) = postSolution
		SolutionGuid = {7283A30B-F333-40C6-9395-516A7C9CD0F0}
	EndGlobalSection
EndGlobal
